// !$*UTF8*$!
{
	archiveVersion = 1;
	classes = {
	};
	objectVersion = 56;
	objects = {

/* Begin PBXBuildFile section */
		041154C22B0BA4FE00AF439D /* AppDelegate.swift in Sources */ = {isa = PBXBuildFile; fileRef = 041154C12B0BA4FE00AF439D /* AppDelegate.swift */; };
		041154C42B0BA4FE00AF439D /* SceneDelegate.swift in Sources */ = {isa = PBXBuildFile; fileRef = 041154C32B0BA4FE00AF439D /* SceneDelegate.swift */; };
		041154C92B0BA4FE00AF439D /* Main.storyboard in Resources */ = {isa = PBXBuildFile; fileRef = 041154C72B0BA4FE00AF439D /* Main.storyboard */; };
		041154CB2B0BA50000AF439D /* Assets.xcassets in Resources */ = {isa = PBXBuildFile; fileRef = 041154CA2B0BA50000AF439D /* Assets.xcassets */; };
		041154CE2B0BA50000AF439D /* LaunchScreen.storyboard in Resources */ = {isa = PBXBuildFile; fileRef = 041154CC2B0BA50000AF439D /* LaunchScreen.storyboard */; };
		04208F8C2B2A9F5F0036258B /* Transaction.swift in Sources */ = {isa = PBXBuildFile; fileRef = 04208F8B2B2A9F5F0036258B /* Transaction.swift */; };
		04208F8F2B2AAA590036258B /* TransactionHomeTableViewCell.swift in Sources */ = {isa = PBXBuildFile; fileRef = 04208F8D2B2AAA590036258B /* TransactionHomeTableViewCell.swift */; };
		04208F902B2AAA590036258B /* TransactionHomeTableViewCell.xib in Resources */ = {isa = PBXBuildFile; fileRef = 04208F8E2B2AAA590036258B /* TransactionHomeTableViewCell.xib */; };
		04208F922B2B6A490036258B /* AddTransactionViewController.swift in Sources */ = {isa = PBXBuildFile; fileRef = 04208F912B2B6A490036258B /* AddTransactionViewController.swift */; };
		04208F952B2B7FCF0036258B /* TransactionHomeCollectionViewCell.swift in Sources */ = {isa = PBXBuildFile; fileRef = 04208F932B2B7FCF0036258B /* TransactionHomeCollectionViewCell.swift */; };
		04208F962B2B7FCF0036258B /* TransactionHomeCollectionViewCell.xib in Resources */ = {isa = PBXBuildFile; fileRef = 04208F942B2B7FCF0036258B /* TransactionHomeCollectionViewCell.xib */; };
		04208F982B2CA84D0036258B /* Wallet.swift in Sources */ = {isa = PBXBuildFile; fileRef = 04208F972B2CA84D0036258B /* Wallet.swift */; };
		04208F9A2B2CAE010036258B /* AddWalletViewController.swift in Sources */ = {isa = PBXBuildFile; fileRef = 04208F992B2CAE010036258B /* AddWalletViewController.swift */; };
		0472FCFA2B2A1C02006D0529 /* HomeViewController.swift in Sources */ = {isa = PBXBuildFile; fileRef = 0472FCF92B2A1C02006D0529 /* HomeViewController.swift */; };
		04E98F512B62E542002D98C0 /* ColorExtension.swift in Sources */ = {isa = PBXBuildFile; fileRef = 04E98F502B62E542002D98C0 /* ColorExtension.swift */; };
		04E98F532B660609002D98C0 /* ViewAllHistoryViewController.swift in Sources */ = {isa = PBXBuildFile; fileRef = 04E98F522B660609002D98C0 /* ViewAllHistoryViewController.swift */; };
		04E98F562B660F62002D98C0 /* ViewAllHistoryTableViewCell.swift in Sources */ = {isa = PBXBuildFile; fileRef = 04E98F542B660F62002D98C0 /* ViewAllHistoryTableViewCell.swift */; };
		04E98F572B660F62002D98C0 /* ViewAllHistoryTableViewCell.xib in Resources */ = {isa = PBXBuildFile; fileRef = 04E98F552B660F62002D98C0 /* ViewAllHistoryTableViewCell.xib */; };
		9AEBB7752B5FA8480044DEA9 /* PlanViewController.swift in Sources */ = {isa = PBXBuildFile; fileRef = 9AEBB7742B5FA8480044DEA9 /* PlanViewController.swift */; };
		9AEBB7782B5FABDE0044DEA9 /* PlanCollectionViewCell.swift in Sources */ = {isa = PBXBuildFile; fileRef = 9AEBB7762B5FABDE0044DEA9 /* PlanCollectionViewCell.swift */; };
		9AEBB7792B5FABDE0044DEA9 /* PlanCollectionViewCell.xib in Resources */ = {isa = PBXBuildFile; fileRef = 9AEBB7772B5FABDE0044DEA9 /* PlanCollectionViewCell.xib */; };
		9AEBB77B2B5FBEBF0044DEA9 /* AddPlanViewController.swift in Sources */ = {isa = PBXBuildFile; fileRef = 9AEBB77A2B5FBEBF0044DEA9 /* AddPlanViewController.swift */; };
		9AEBB77D2B5FBF190044DEA9 /* Plan.swift in Sources */ = {isa = PBXBuildFile; fileRef = 9AEBB77C2B5FBF190044DEA9 /* Plan.swift */; };
/* End PBXBuildFile section */

/* Begin PBXFileReference section */
		041154BE2B0BA4FE00AF439D /* Financial Management.app */ = {isa = PBXFileReference; explicitFileType = wrapper.application; includeInIndex = 0; path = "Financial Management.app"; sourceTree = BUILT_PRODUCTS_DIR; };
		041154C12B0BA4FE00AF439D /* AppDelegate.swift */ = {isa = PBXFileReference; lastKnownFileType = sourcecode.swift; path = AppDelegate.swift; sourceTree = "<group>"; };
		041154C32B0BA4FE00AF439D /* SceneDelegate.swift */ = {isa = PBXFileReference; lastKnownFileType = sourcecode.swift; path = SceneDelegate.swift; sourceTree = "<group>"; };
		041154C82B0BA4FE00AF439D /* Base */ = {isa = PBXFileReference; lastKnownFileType = file.storyboard; name = Base; path = Base.lproj/Main.storyboard; sourceTree = "<group>"; };
		041154CA2B0BA50000AF439D /* Assets.xcassets */ = {isa = PBXFileReference; lastKnownFileType = folder.assetcatalog; path = Assets.xcassets; sourceTree = "<group>"; };
		041154CD2B0BA50000AF439D /* Base */ = {isa = PBXFileReference; lastKnownFileType = file.storyboard; name = Base; path = Base.lproj/LaunchScreen.storyboard; sourceTree = "<group>"; };
		041154CF2B0BA50000AF439D /* Info.plist */ = {isa = PBXFileReference; lastKnownFileType = text.plist.xml; path = Info.plist; sourceTree = "<group>"; };
		04208F8B2B2A9F5F0036258B /* Transaction.swift */ = {isa = PBXFileReference; lastKnownFileType = sourcecode.swift; path = Transaction.swift; sourceTree = "<group>"; };
		04208F8D2B2AAA590036258B /* TransactionHomeTableViewCell.swift */ = {isa = PBXFileReference; lastKnownFileType = sourcecode.swift; path = TransactionHomeTableViewCell.swift; sourceTree = "<group>"; };
		04208F8E2B2AAA590036258B /* TransactionHomeTableViewCell.xib */ = {isa = PBXFileReference; lastKnownFileType = file.xib; path = TransactionHomeTableViewCell.xib; sourceTree = "<group>"; };
		04208F912B2B6A490036258B /* AddTransactionViewController.swift */ = {isa = PBXFileReference; lastKnownFileType = sourcecode.swift; path = AddTransactionViewController.swift; sourceTree = "<group>"; };
		04208F932B2B7FCF0036258B /* TransactionHomeCollectionViewCell.swift */ = {isa = PBXFileReference; lastKnownFileType = sourcecode.swift; path = TransactionHomeCollectionViewCell.swift; sourceTree = "<group>"; };
		04208F942B2B7FCF0036258B /* TransactionHomeCollectionViewCell.xib */ = {isa = PBXFileReference; lastKnownFileType = file.xib; path = TransactionHomeCollectionViewCell.xib; sourceTree = "<group>"; };
		04208F972B2CA84D0036258B /* Wallet.swift */ = {isa = PBXFileReference; lastKnownFileType = sourcecode.swift; path = Wallet.swift; sourceTree = "<group>"; };
		04208F992B2CAE010036258B /* AddWalletViewController.swift */ = {isa = PBXFileReference; lastKnownFileType = sourcecode.swift; path = AddWalletViewController.swift; sourceTree = "<group>"; };
		0472FCF92B2A1C02006D0529 /* HomeViewController.swift */ = {isa = PBXFileReference; lastKnownFileType = sourcecode.swift; path = HomeViewController.swift; sourceTree = "<group>"; };
		04E98F502B62E542002D98C0 /* ColorExtension.swift */ = {isa = PBXFileReference; lastKnownFileType = sourcecode.swift; path = ColorExtension.swift; sourceTree = "<group>"; };
		04E98F522B660609002D98C0 /* ViewAllHistoryViewController.swift */ = {isa = PBXFileReference; lastKnownFileType = sourcecode.swift; path = ViewAllHistoryViewController.swift; sourceTree = "<group>"; };
		04E98F542B660F62002D98C0 /* ViewAllHistoryTableViewCell.swift */ = {isa = PBXFileReference; lastKnownFileType = sourcecode.swift; path = ViewAllHistoryTableViewCell.swift; sourceTree = "<group>"; };
		04E98F552B660F62002D98C0 /* ViewAllHistoryTableViewCell.xib */ = {isa = PBXFileReference; lastKnownFileType = file.xib; path = ViewAllHistoryTableViewCell.xib; sourceTree = "<group>"; };
		9AEBB7742B5FA8480044DEA9 /* PlanViewController.swift */ = {isa = PBXFileReference; lastKnownFileType = sourcecode.swift; path = PlanViewController.swift; sourceTree = "<group>"; };
		9AEBB7762B5FABDE0044DEA9 /* PlanCollectionViewCell.swift */ = {isa = PBXFileReference; lastKnownFileType = sourcecode.swift; path = PlanCollectionViewCell.swift; sourceTree = "<group>"; };
		9AEBB7772B5FABDE0044DEA9 /* PlanCollectionViewCell.xib */ = {isa = PBXFileReference; lastKnownFileType = file.xib; path = PlanCollectionViewCell.xib; sourceTree = "<group>"; };
		9AEBB77A2B5FBEBF0044DEA9 /* AddPlanViewController.swift */ = {isa = PBXFileReference; lastKnownFileType = sourcecode.swift; path = AddPlanViewController.swift; sourceTree = "<group>"; };
		9AEBB77C2B5FBF190044DEA9 /* Plan.swift */ = {isa = PBXFileReference; lastKnownFileType = sourcecode.swift; path = Plan.swift; sourceTree = "<group>"; };
/* End PBXFileReference section */

/* Begin PBXFrameworksBuildPhase section */
		041154BB2B0BA4FE00AF439D /* Frameworks */ = {
			isa = PBXFrameworksBuildPhase;
			buildActionMask = 2147483647;
			files = (
			);
			runOnlyForDeploymentPostprocessing = 0;
		};
/* End PBXFrameworksBuildPhase section */

/* Begin PBXGroup section */
		041154B52B0BA4FE00AF439D = {
			isa = PBXGroup;
			children = (
				041154C02B0BA4FE00AF439D /* Financial Management */,
				041154BF2B0BA4FE00AF439D /* Products */,
			);
			sourceTree = "<group>";
		};
		041154BF2B0BA4FE00AF439D /* Products */ = {
			isa = PBXGroup;
			children = (
				041154BE2B0BA4FE00AF439D /* Financial Management.app */,
			);
			name = Products;
			sourceTree = "<group>";
		};
		041154C02B0BA4FE00AF439D /* Financial Management */ = {
			isa = PBXGroup;
			children = (
				041154D52B0BA50700AF439D /* AppDelegate */,
				041154D82B0BA51F00AF439D /* Model */,
				041154D72B0BA51A00AF439D /* View */,
				041154D62B0BA50F00AF439D /* Controller */,
				041154CA2B0BA50000AF439D /* Assets.xcassets */,
				041154CF2B0BA50000AF439D /* Info.plist */,
			);
			path = "Financial Management";
			sourceTree = "<group>";
		};
		041154D52B0BA50700AF439D /* AppDelegate */ = {
			isa = PBXGroup;
			children = (
				041154C12B0BA4FE00AF439D /* AppDelegate.swift */,
				041154C32B0BA4FE00AF439D /* SceneDelegate.swift */,
			);
			path = AppDelegate;
			sourceTree = "<group>";
		};
		041154D62B0BA50F00AF439D /* Controller */ = {
			isa = PBXGroup;
			children = (
				0472FCF92B2A1C02006D0529 /* HomeViewController.swift */,
				9AEBB7742B5FA8480044DEA9 /* PlanViewController.swift */,
				04E98F522B660609002D98C0 /* ViewAllHistoryViewController.swift */,
				04208F992B2CAE010036258B /* AddWalletViewController.swift */,
				04208F912B2B6A490036258B /* AddTransactionViewController.swift */,
				9AEBB77A2B5FBEBF0044DEA9 /* AddPlanViewController.swift */,
				04208F8D2B2AAA590036258B /* TransactionHomeTableViewCell.swift */,
				04208F932B2B7FCF0036258B /* TransactionHomeCollectionViewCell.swift */,
				9AEBB7762B5FABDE0044DEA9 /* PlanCollectionViewCell.swift */,
				04E98F542B660F62002D98C0 /* ViewAllHistoryTableViewCell.swift */,
			);
			path = Controller;
			sourceTree = "<group>";
		};
		041154D72B0BA51A00AF439D /* View */ = {
			isa = PBXGroup;
			children = (
				041154C72B0BA4FE00AF439D /* Main.storyboard */,
				041154CC2B0BA50000AF439D /* LaunchScreen.storyboard */,
				04208F8E2B2AAA590036258B /* TransactionHomeTableViewCell.xib */,
				04208F942B2B7FCF0036258B /* TransactionHomeCollectionViewCell.xib */,
				9AEBB7772B5FABDE0044DEA9 /* PlanCollectionViewCell.xib */,
				04E98F552B660F62002D98C0 /* ViewAllHistoryTableViewCell.xib */,
			);
			path = View;
			sourceTree = "<group>";
		};
		041154D82B0BA51F00AF439D /* Model */ = {
			isa = PBXGroup;
			children = (
				04208F8B2B2A9F5F0036258B /* Transaction.swift */,
				04208F972B2CA84D0036258B /* Wallet.swift */,
				9AEBB77C2B5FBF190044DEA9 /* Plan.swift */,
				04E98F502B62E542002D98C0 /* ColorExtension.swift */,
			);
			path = Model;
			sourceTree = "<group>";
		};
/* End PBXGroup section */

/* Begin PBXNativeTarget section */
		041154BD2B0BA4FE00AF439D /* Financial Management */ = {
			isa = PBXNativeTarget;
			buildConfigurationList = 041154D22B0BA50000AF439D /* Build configuration list for PBXNativeTarget "Financial Management" */;
			buildPhases = (
				041154BA2B0BA4FE00AF439D /* Sources */,
				041154BB2B0BA4FE00AF439D /* Frameworks */,
				041154BC2B0BA4FE00AF439D /* Resources */,
			);
			buildRules = (
			);
			dependencies = (
			);
			name = "Financial Management";
			productName = "Financial Management";
			productReference = 041154BE2B0BA4FE00AF439D /* Financial Management.app */;
			productType = "com.apple.product-type.application";
		};
/* End PBXNativeTarget section */

/* Begin PBXProject section */
		041154B62B0BA4FE00AF439D /* Project object */ = {
			isa = PBXProject;
			attributes = {
				BuildIndependentTargetsInParallel = 1;
				LastSwiftUpdateCheck = 1500;
				LastUpgradeCheck = 1500;
				TargetAttributes = {
					041154BD2B0BA4FE00AF439D = {
						CreatedOnToolsVersion = 15.0;
					};
				};
			};
			buildConfigurationList = 041154B92B0BA4FE00AF439D /* Build configuration list for PBXProject "Financial Management" */;
			compatibilityVersion = "Xcode 14.0";
			developmentRegion = en;
			hasScannedForEncodings = 0;
			knownRegions = (
				en,
				Base,
			);
			mainGroup = 041154B52B0BA4FE00AF439D;
			productRefGroup = 041154BF2B0BA4FE00AF439D /* Products */;
			projectDirPath = "";
			projectRoot = "";
			targets = (
				041154BD2B0BA4FE00AF439D /* Financial Management */,
			);
		};
/* End PBXProject section */

/* Begin PBXResourcesBuildPhase section */
		041154BC2B0BA4FE00AF439D /* Resources */ = {
			isa = PBXResourcesBuildPhase;
			buildActionMask = 2147483647;
			files = (
				041154CE2B0BA50000AF439D /* LaunchScreen.storyboard in Resources */,
				041154CB2B0BA50000AF439D /* Assets.xcassets in Resources */,
				04208F962B2B7FCF0036258B /* TransactionHomeCollectionViewCell.xib in Resources */,
				04208F902B2AAA590036258B /* TransactionHomeTableViewCell.xib in Resources */,
				041154C92B0BA4FE00AF439D /* Main.storyboard in Resources */,
				9AEBB7792B5FABDE0044DEA9 /* PlanCollectionViewCell.xib in Resources */,
				04E98F572B660F62002D98C0 /* ViewAllHistoryTableViewCell.xib in Resources */,
			);
			runOnlyForDeploymentPostprocessing = 0;
		};
/* End PBXResourcesBuildPhase section */

/* Begin PBXSourcesBuildPhase section */
		041154BA2B0BA4FE00AF439D /* Sources */ = {
			isa = PBXSourcesBuildPhase;
			buildActionMask = 2147483647;
			files = (
				04E98F532B660609002D98C0 /* ViewAllHistoryViewController.swift in Sources */,
				04208F982B2CA84D0036258B /* Wallet.swift in Sources */,
				9AEBB7752B5FA8480044DEA9 /* PlanViewController.swift in Sources */,
				041154C22B0BA4FE00AF439D /* AppDelegate.swift in Sources */,
				04208F8F2B2AAA590036258B /* TransactionHomeTableViewCell.swift in Sources */,
				9AEBB77D2B5FBF190044DEA9 /* Plan.swift in Sources */,
				04E98F512B62E542002D98C0 /* ColorExtension.swift in Sources */,
				041154C42B0BA4FE00AF439D /* SceneDelegate.swift in Sources */,
				9AEBB77B2B5FBEBF0044DEA9 /* AddPlanViewController.swift in Sources */,
				04208F9A2B2CAE010036258B /* AddWalletViewController.swift in Sources */,
				9AEBB7782B5FABDE0044DEA9 /* PlanCollectionViewCell.swift in Sources */,
				04208F952B2B7FCF0036258B /* TransactionHomeCollectionViewCell.swift in Sources */,
				04208F922B2B6A490036258B /* AddTransactionViewController.swift in Sources */,
				04208F8C2B2A9F5F0036258B /* Transaction.swift in Sources */,
				0472FCFA2B2A1C02006D0529 /* HomeViewController.swift in Sources */,
				04E98F562B660F62002D98C0 /* ViewAllHistoryTableViewCell.swift in Sources */,
			);
			runOnlyForDeploymentPostprocessing = 0;
		};
/* End PBXSourcesBuildPhase section */

/* Begin PBXVariantGroup section */
		041154C72B0BA4FE00AF439D /* Main.storyboard */ = {
			isa = PBXVariantGroup;
			children = (
				041154C82B0BA4FE00AF439D /* Base */,
			);
			name = Main.storyboard;
			sourceTree = "<group>";
		};
		041154CC2B0BA50000AF439D /* LaunchScreen.storyboard */ = {
			isa = PBXVariantGroup;
			children = (
				041154CD2B0BA50000AF439D /* Base */,
			);
			name = LaunchScreen.storyboard;
			sourceTree = "<group>";
		};
/* End PBXVariantGroup section */

/* Begin XCBuildConfiguration section */
		041154D02B0BA50000AF439D /* Debug */ = {
			isa = XCBuildConfiguration;
			buildSettings = {
				ALWAYS_SEARCH_USER_PATHS = NO;
				ASSETCATALOG_COMPILER_GENERATE_SWIFT_ASSET_SYMBOL_EXTENSIONS = YES;
				CLANG_ANALYZER_NONNULL = YES;
				CLANG_ANALYZER_NUMBER_OBJECT_CONVERSION = YES_AGGRESSIVE;
				CLANG_CXX_LANGUAGE_STANDARD = "gnu++20";
				CLANG_ENABLE_MODULES = YES;
				CLANG_ENABLE_OBJC_ARC = YES;
				CLANG_ENABLE_OBJC_WEAK = YES;
				CLANG_WARN_BLOCK_CAPTURE_AUTORELEASING = YES;
				CLANG_WARN_BOOL_CONVERSION = YES;
				CLANG_WARN_COMMA = YES;
				CLANG_WARN_CONSTANT_CONVERSION = YES;
				CLANG_WARN_DEPRECATED_OBJC_IMPLEMENTATIONS = YES;
				CLANG_WARN_DIRECT_OBJC_ISA_USAGE = YES_ERROR;
				CLANG_WARN_DOCUMENTATION_COMMENTS = YES;
				CLANG_WARN_EMPTY_BODY = YES;
				CLANG_WARN_ENUM_CONVERSION = YES;
				CLANG_WARN_INFINITE_RECURSION = YES;
				CLANG_WARN_INT_CONVERSION = YES;
				CLANG_WARN_NON_LITERAL_NULL_CONVERSION = YES;
				CLANG_WARN_OBJC_IMPLICIT_RETAIN_SELF = YES;
				CLANG_WARN_OBJC_LITERAL_CONVERSION = YES;
				CLANG_WARN_OBJC_ROOT_CLASS = YES_ERROR;
				CLANG_WARN_QUOTED_INCLUDE_IN_FRAMEWORK_HEADER = YES;
				CLANG_WARN_RANGE_LOOP_ANALYSIS = YES;
				CLANG_WARN_STRICT_PROTOTYPES = YES;
				CLANG_WARN_SUSPICIOUS_MOVE = YES;
				CLANG_WARN_UNGUARDED_AVAILABILITY = YES_AGGRESSIVE;
				CLANG_WARN_UNREACHABLE_CODE = YES;
				CLANG_WARN__DUPLICATE_METHOD_MATCH = YES;
				COPY_PHASE_STRIP = NO;
				DEBUG_INFORMATION_FORMAT = dwarf;
				ENABLE_STRICT_OBJC_MSGSEND = YES;
				ENABLE_TESTABILITY = YES;
				ENABLE_USER_SCRIPT_SANDBOXING = YES;
				GCC_C_LANGUAGE_STANDARD = gnu17;
				GCC_DYNAMIC_NO_PIC = NO;
				GCC_NO_COMMON_BLOCKS = YES;
				GCC_OPTIMIZATION_LEVEL = 0;
				GCC_PREPROCESSOR_DEFINITIONS = (
					"DEBUG=1",
					"$(inherited)",
				);
				GCC_WARN_64_TO_32_BIT_CONVERSION = YES;
				GCC_WARN_ABOUT_RETURN_TYPE = YES_ERROR;
				GCC_WARN_UNDECLARED_SELECTOR = YES;
				GCC_WARN_UNINITIALIZED_AUTOS = YES_AGGRESSIVE;
				GCC_WARN_UNUSED_FUNCTION = YES;
				GCC_WARN_UNUSED_VARIABLE = YES;
				IPHONEOS_DEPLOYMENT_TARGET = 17.0;
				LOCALIZATION_PREFERS_STRING_CATALOGS = YES;
				MTL_ENABLE_DEBUG_INFO = INCLUDE_SOURCE;
				MTL_FAST_MATH = YES;
				ONLY_ACTIVE_ARCH = YES;
				SDKROOT = iphoneos;
				SWIFT_ACTIVE_COMPILATION_CONDITIONS = "DEBUG $(inherited)";
				SWIFT_OPTIMIZATION_LEVEL = "-Onone";
			};
			name = Debug;
		};
		041154D12B0BA50000AF439D /* Release */ = {
			isa = XCBuildConfiguration;
			buildSettings = {
				ALWAYS_SEARCH_USER_PATHS = NO;
				ASSETCATALOG_COMPILER_GENERATE_SWIFT_ASSET_SYMBOL_EXTENSIONS = YES;
				CLANG_ANALYZER_NONNULL = YES;
				CLANG_ANALYZER_NUMBER_OBJECT_CONVERSION = YES_AGGRESSIVE;
				CLANG_CXX_LANGUAGE_STANDARD = "gnu++20";
				CLANG_ENABLE_MODULES = YES;
				CLANG_ENABLE_OBJC_ARC = YES;
				CLANG_ENABLE_OBJC_WEAK = YES;
				CLANG_WARN_BLOCK_CAPTURE_AUTORELEASING = YES;
				CLANG_WARN_BOOL_CONVERSION = YES;
				CLANG_WARN_COMMA = YES;
				CLANG_WARN_CONSTANT_CONVERSION = YES;
				CLANG_WARN_DEPRECATED_OBJC_IMPLEMENTATIONS = YES;
				CLANG_WARN_DIRECT_OBJC_ISA_USAGE = YES_ERROR;
				CLANG_WARN_DOCUMENTATION_COMMENTS = YES;
				CLANG_WARN_EMPTY_BODY = YES;
				CLANG_WARN_ENUM_CONVERSION = YES;
				CLANG_WARN_INFINITE_RECURSION = YES;
				CLANG_WARN_INT_CONVERSION = YES;
				CLANG_WARN_NON_LITERAL_NULL_CONVERSION = YES;
				CLANG_WARN_OBJC_IMPLICIT_RETAIN_SELF = YES;
				CLANG_WARN_OBJC_LITERAL_CONVERSION = YES;
				CLANG_WARN_OBJC_ROOT_CLASS = YES_ERROR;
				CLANG_WARN_QUOTED_INCLUDE_IN_FRAMEWORK_HEADER = YES;
				CLANG_WARN_RANGE_LOOP_ANALYSIS = YES;
				CLANG_WARN_STRICT_PROTOTYPES = YES;
				CLANG_WARN_SUSPICIOUS_MOVE = YES;
				CLANG_WARN_UNGUARDED_AVAILABILITY = YES_AGGRESSIVE;
				CLANG_WARN_UNREACHABLE_CODE = YES;
				CLANG_WARN__DUPLICATE_METHOD_MATCH = YES;
				COPY_PHASE_STRIP = NO;
				DEBUG_INFORMATION_FORMAT = "dwarf-with-dsym";
				ENABLE_NS_ASSERTIONS = NO;
				ENABLE_STRICT_OBJC_MSGSEND = YES;
				ENABLE_USER_SCRIPT_SANDBOXING = YES;
				GCC_C_LANGUAGE_STANDARD = gnu17;
				GCC_NO_COMMON_BLOCKS = YES;
				GCC_WARN_64_TO_32_BIT_CONVERSION = YES;
				GCC_WARN_ABOUT_RETURN_TYPE = YES_ERROR;
				GCC_WARN_UNDECLARED_SELECTOR = YES;
				GCC_WARN_UNINITIALIZED_AUTOS = YES_AGGRESSIVE;
				GCC_WARN_UNUSED_FUNCTION = YES;
				GCC_WARN_UNUSED_VARIABLE = YES;
				IPHONEOS_DEPLOYMENT_TARGET = 17.0;
				LOCALIZATION_PREFERS_STRING_CATALOGS = YES;
				MTL_ENABLE_DEBUG_INFO = NO;
				MTL_FAST_MATH = YES;
				SDKROOT = iphoneos;
				SWIFT_COMPILATION_MODE = wholemodule;
				VALIDATE_PRODUCT = YES;
			};
			name = Release;
		};
		041154D32B0BA50000AF439D /* Debug */ = {
			isa = XCBuildConfiguration;
			buildSettings = {
				ASSETCATALOG_COMPILER_APPICON_NAME = AppIcon;
				ASSETCATALOG_COMPILER_GLOBAL_ACCENT_COLOR_NAME = AccentColor;
				CODE_SIGN_STYLE = Automatic;
				CURRENT_PROJECT_VERSION = 1;
				GENERATE_INFOPLIST_FILE = YES;
				INFOPLIST_FILE = "Financial Management/Info.plist";
				INFOPLIST_KEY_UIApplicationSupportsIndirectInputEvents = YES;
				INFOPLIST_KEY_UILaunchStoryboardName = LaunchScreen;
				INFOPLIST_KEY_UIMainStoryboardFile = Main;
				INFOPLIST_KEY_UISupportedInterfaceOrientations_iPad = "UIInterfaceOrientationPortrait UIInterfaceOrientationPortraitUpsideDown UIInterfaceOrientationLandscapeLeft UIInterfaceOrientationLandscapeRight";
				INFOPLIST_KEY_UISupportedInterfaceOrientations_iPhone = "UIInterfaceOrientationPortrait UIInterfaceOrientationLandscapeLeft UIInterfaceOrientationLandscapeRight";
				LD_RUNPATH_SEARCH_PATHS = (
					"$(inherited)",
					"@executable_path/Frameworks",
				);
				MARKETING_VERSION = 1.0;
				PRODUCT_BUNDLE_IDENTIFIER = "com.fx.Financial-Management";
				PRODUCT_NAME = "$(TARGET_NAME)";
				SWIFT_EMIT_LOC_STRINGS = YES;
				SWIFT_VERSION = 5.0;
				TARGETED_DEVICE_FAMILY = "1,2";
			};
			name = Debug;
		};
		041154D42B0BA50000AF439D /* Release */ = {
			isa = XCBuildConfiguration;
			buildSettings = {
				ASSETCATALOG_COMPILER_APPICON_NAME = AppIcon;
				ASSETCATALOG_COMPILER_GLOBAL_ACCENT_COLOR_NAME = AccentColor;
				CODE_SIGN_STYLE = Automatic;
				CURRENT_PROJECT_VERSION = 1;
				GENERATE_INFOPLIST_FILE = YES;
				INFOPLIST_FILE = "Financial Management/Info.plist";
				INFOPLIST_KEY_UIApplicationSupportsIndirectInputEvents = YES;
				INFOPLIST_KEY_UILaunchStoryboardName = LaunchScreen;
				INFOPLIST_KEY_UIMainStoryboardFile = Main;
				INFOPLIST_KEY_UISupportedInterfaceOrientations_iPad = "UIInterfaceOrientationPortrait UIInterfaceOrientationPortraitUpsideDown UIInterfaceOrientationLandscapeLeft UIInterfaceOrientationLandscapeRight";
				INFOPLIST_KEY_UISupportedInterfaceOrientations_iPhone = "UIInterfaceOrientationPortrait UIInterfaceOrientationLandscapeLeft UIInterfaceOrientationLandscapeRight";
				LD_RUNPATH_SEARCH_PATHS = (
					"$(inherited)",
					"@executable_path/Frameworks",
				);
				MARKETING_VERSION = 1.0;
				PRODUCT_BUNDLE_IDENTIFIER = "com.fx.Financial-Management";
				PRODUCT_NAME = "$(TARGET_NAME)";
				SWIFT_EMIT_LOC_STRINGS = YES;
				SWIFT_VERSION = 5.0;
				TARGETED_DEVICE_FAMILY = "1,2";
			};
			name = Release;
		};
/* End XCBuildConfiguration section */

/* Begin XCConfigurationList section */
		041154B92B0BA4FE00AF439D /* Build configuration list for PBXProject "Financial Management" */ = {
			isa = XCConfigurationList;
			buildConfigurations = (
				041154D02B0BA50000AF439D /* Debug */,
				041154D12B0BA50000AF439D /* Release */,
			);
			defaultConfigurationIsVisible = 0;
			defaultConfigurationName = Release;
		};
		041154D22B0BA50000AF439D /* Build configuration list for PBXNativeTarget "Financial Management" */ = {
			isa = XCConfigurationList;
			buildConfigurations = (
				041154D32B0BA50000AF439D /* Debug */,
				041154D42B0BA50000AF439D /* Release */,
			);
			defaultConfigurationIsVisible = 0;
			defaultConfigurationName = Release;
		};
/* End XCConfigurationList section */
	};
	rootObject = 041154B62B0BA4FE00AF439D /* Project object */;
}
